{
  "version": "3",
  "packages": {
    "specifiers": {
      "jsr:@oak/commons@0.7": "jsr:@oak/commons@0.7.0",
      "jsr:@oak/oak": "jsr:@oak/oak@14.2.0",
      "jsr:@std/assert@0.218": "jsr:@std/assert@0.218.2",
      "jsr:@std/assert@^0.218.2": "jsr:@std/assert@0.218.2",
      "jsr:@std/assert@^0.222.1": "jsr:@std/assert@0.222.1",
      "jsr:@std/async@^0.222.1": "jsr:@std/async@0.222.1",
      "jsr:@std/bytes@0.218": "jsr:@std/bytes@0.218.2",
      "jsr:@std/bytes@^0.218.2": "jsr:@std/bytes@0.218.2",
      "jsr:@std/cli@^0.222.1": "jsr:@std/cli@0.222.1",
      "jsr:@std/crypto@0.218": "jsr:@std/crypto@0.218.2",
      "jsr:@std/dotenv@0.222.1": "jsr:@std/dotenv@0.222.1",
      "jsr:@std/encoding@0.218": "jsr:@std/encoding@0.218.2",
      "jsr:@std/encoding@^0.218.2": "jsr:@std/encoding@0.218.2",
      "jsr:@std/encoding@^0.222.1": "jsr:@std/encoding@0.222.1",
      "jsr:@std/fmt@^0.222.1": "jsr:@std/fmt@0.222.1",
      "jsr:@std/http@0.218": "jsr:@std/http@0.218.2",
      "jsr:@std/http@0.222.1": "jsr:@std/http@0.222.1",
      "jsr:@std/io@0.218": "jsr:@std/io@0.218.2",
      "jsr:@std/media-types@0.218": "jsr:@std/media-types@0.218.2",
      "jsr:@std/media-types@^0.222.1": "jsr:@std/media-types@0.222.1",
      "jsr:@std/path@0.218": "jsr:@std/path@0.218.2",
      "jsr:@std/path@^0.222.1": "jsr:@std/path@0.222.1",
      "jsr:@std/streams@^0.222.1": "jsr:@std/streams@0.222.1",
      "npm:path-to-regexp@6.2.1": "npm:path-to-regexp@6.2.1"
    },
    "jsr": {
      "@oak/commons@0.7.0": {
        "integrity": "4bd889b3dc9ddac1b602034d88c137f06de7078775961b51081beb5f175c120b"
      },
      "@oak/oak@14.2.0": {
        "integrity": "b683b089693004ac3bca80b52159b3e9ad214dc8246ff5dc61ba658da78bc166",
        "dependencies": [
          "jsr:@oak/commons@0.7",
          "jsr:@std/assert@0.218",
          "jsr:@std/bytes@0.218",
          "jsr:@std/crypto@0.218",
          "jsr:@std/encoding@0.218",
          "jsr:@std/http@0.218",
          "jsr:@std/io@0.218",
          "jsr:@std/media-types@0.218",
          "jsr:@std/path@0.218",
          "npm:path-to-regexp@6.2.1"
        ]
      },
      "@std/assert@0.218.2": {
        "integrity": "7f0a5a1a8cf86607cd6c2c030584096e1ffad27fc9271429a8cb48cfbdee5eaf"
      },
      "@std/assert@0.222.1": {
        "integrity": "691637161ee584a9919d1f9950ddd1272feb8e0a19e83aa5b7563cedaf73d74c"
      },
      "@std/async@0.222.1": {
        "integrity": "9584f4612f96e604a7e49dba3caf703c28d3921faa5be7147a78864a93831af6"
      },
      "@std/bytes@0.218.2": {
        "integrity": "91fe54b232dcca73856b79a817247f4a651dbb60d51baafafb6408c137241670"
      },
      "@std/cli@0.222.1": {
        "integrity": "18b3c15840d68dc588db53613e0e9b196e30e33ea2a2906624c991c008421ffa"
      },
      "@std/crypto@0.218.2": {
        "integrity": "8c5031a3a1c3ac3bed3c0d4bed2fe7e7faedcb673bbfa0edd10570c8452f5cd2",
        "dependencies": [
          "jsr:@std/assert@^0.218.2",
          "jsr:@std/encoding@^0.218.2"
        ]
      },
      "@std/dotenv@0.222.1": {
        "integrity": "61c75269cfd569033d580d9341597eb1cd4b2796323c5823033bb6d60c66d619"
      },
      "@std/encoding@0.218.2": {
        "integrity": "da55a763c29bf0dbf06fd286430b358266eb99c28789d89fe9a3e28edecb8d8e"
      },
      "@std/encoding@0.222.1": {
        "integrity": "fb6c1d38722feebc8d4a5efa3eb2039ecec0d50d053186240484d0c4a4ce1006"
      },
      "@std/fmt@0.222.1": {
        "integrity": "ec3382f9b0261c1ab1a5c804aa355d816515fa984cdd827ed32edfb187c0a722"
      },
      "@std/http@0.218.2": {
        "integrity": "54223b62702e665b9dab6373ea2e51235e093ef47228d21cfa0469ee5ac75c9b",
        "dependencies": [
          "jsr:@std/assert@^0.218.2",
          "jsr:@std/encoding@^0.218.2"
        ]
      },
      "@std/http@0.222.1": {
        "integrity": "a3c731ec6040927aa37d8378b9e6b467e2e3068c1f97838a6e79ee3bdc103521",
        "dependencies": [
          "jsr:@std/assert@^0.222.1",
          "jsr:@std/async@^0.222.1",
          "jsr:@std/cli@^0.222.1",
          "jsr:@std/encoding@^0.222.1",
          "jsr:@std/fmt@^0.222.1",
          "jsr:@std/media-types@^0.222.1",
          "jsr:@std/path@^0.222.1",
          "jsr:@std/streams@^0.222.1"
        ]
      },
      "@std/io@0.218.2": {
        "integrity": "c64fbfa087b7c9d4d386c5672f291f607d88cb7d44fc299c20c713e345f2785f",
        "dependencies": [
          "jsr:@std/bytes@^0.218.2"
        ]
      },
      "@std/media-types@0.218.2": {
        "integrity": "1ed3bd2a05e44bad3fc2bab1767d0ce7f2fd68baee62a980751ce51633acb788"
      },
      "@std/media-types@0.222.1": {
        "integrity": "147cbd7f29fb4480625ccdad679637f945437f455534049eb7c95977b973a137"
      },
      "@std/path@0.218.2": {
        "integrity": "b568fd923d9e53ad76d17c513e7310bda8e755a3e825e6289a0ce536404e2662",
        "dependencies": [
          "jsr:@std/assert@^0.218.2"
        ]
      },
      "@std/path@0.222.1": {
        "integrity": "aad3e9463ca53b0adb25b4d5beb330025674aaa3278da24c1c261d9289a9e48b"
      },
      "@std/streams@0.222.1": {
        "integrity": "0bb4220c1dc5106e45a309179f76df95c786c9fff814d195d5ee2160931bfc7c"
      }
    },
    "npm": {
      "path-to-regexp@6.2.1": {
        "integrity": "sha512-JLyh7xT1kizaEvcaXOQwOc2/Yhw6KZOvPf1S8401UyLk86CU79LN3vl7ztXGm/pZ+YjoyAJ4rxmHwbkBXJX+yw==",
        "dependencies": {}
      }
    }
  },
  "remote": {
    "https://cdn.skypack.dev/-/debug@v4.3.4-o4liVvMlOnQWbLSYZMXw/dist=es2019,mode=imports/optimized/debug.js": "671100993996e39b501301a87000607916d4d2d9f8fc8e9c5200ae5ba64a1389",
    "https://cdn.skypack.dev/-/ms@v2.1.2-giBDZ1IA5lmQ3ZXaa87V/dist=es2019,mode=imports/optimized/ms.js": "fd88e2d51900437011f1ad232f3393ce97db1b87a7844b3c58dd6d65562c1276",
    "https://cdn.skypack.dev/debug@4.3.4": "7b1d010cc930f71b940ba5941da055bc181115229e29de7214bdb4425c68ea76",
    "https://deno.land/std@0.211.0/path/_common/assert_path.ts": "2ca275f36ac1788b2acb60fb2b79cb06027198bc2ba6fb7e163efaedde98c297",
    "https://deno.land/std@0.211.0/path/_common/basename.ts": "569744855bc8445f3a56087fd2aed56bdad39da971a8d92b138c9913aecc5fa2",
    "https://deno.land/std@0.211.0/path/_common/constants.ts": "dc5f8057159f4b48cd304eb3027e42f1148cf4df1fb4240774d3492b5d12ac0c",
    "https://deno.land/std@0.211.0/path/_common/strip_trailing_separators.ts": "7024a93447efcdcfeaa9339a98fa63ef9d53de363f1fbe9858970f1bba02655a",
    "https://deno.land/std@0.211.0/path/_os.ts": "8fb9b90fb6b753bd8c77cfd8a33c2ff6c5f5bc185f50de8ca4ac6a05710b2c15",
    "https://deno.land/std@0.211.0/path/basename.ts": "5d341aadb7ada266e2280561692c165771d071c98746fcb66da928870cd47668",
    "https://deno.land/std@0.211.0/path/posix/_util.ts": "1e3937da30f080bfc99fe45d7ed23c47dd8585c5e473b2d771380d3a6937cf9d",
    "https://deno.land/std@0.211.0/path/posix/basename.ts": "39ee27a29f1f35935d3603ccf01d53f3d6e0c5d4d0f84421e65bd1afeff42843",
    "https://deno.land/std@0.211.0/path/windows/_util.ts": "d5f47363e5293fced22c984550d5e70e98e266cc3f31769e1710511803d04808",
    "https://deno.land/std@0.211.0/path/windows/basename.ts": "e2dbf31d1d6385bfab1ce38c333aa290b6d7ae9e0ecb8234a654e583cf22f8fe",
    "https://deno.land/std@0.211.0/streams/_common.ts": "4f9f2958d853b9a456be033631dabb7519daa68ee4d02caf53e2ecbffaf5805f",
    "https://deno.land/std@0.211.0/streams/iterate_reader.ts": "353e516908ce637e8b2a2e1301fa60316825667d0d880d47ea4c427a9a7758cf",
    "https://deno.land/std@0.221.0/dotenv/mod.ts": "0180eaeedaaf88647318811cdaa418cc64dc51fb08354f91f5f480d0a1309f7d",
    "https://deno.land/std@0.221.0/dotenv/parse.ts": "09977ff88dfd1f24f9973a338f0f91bbdb9307eb5ff6085446e7c423e4c7ba0c",
    "https://deno.land/std@0.221.0/dotenv/stringify.ts": "0047ad7068289735d08964046aea267a750c141b494ca0e38831b89be6c020c2",
    "https://deno.land/x/grammy@v1.22.4/bot.ts": "994a8cc67b6c1b6b6c1814579c263f3c5cdfda32396261bcc9fd8b8f1302984b",
    "https://deno.land/x/grammy@v1.22.4/composer.ts": "a86dcd6c83e91f720ceb85dab2b1c7b966fc18fc6440848b87b4897fcaa63fc8",
    "https://deno.land/x/grammy@v1.22.4/context.ts": "084cb930b59712c4682633b7a003a5029d95a02af132d81c4c50ca60fb50ccfa",
    "https://deno.land/x/grammy@v1.22.4/convenience/constants.ts": "4df7992fbdac5bca4f7352b6bd7e5b24c391901ff59ee3982570a40d8d6a28a6",
    "https://deno.land/x/grammy@v1.22.4/convenience/frameworks.ts": "6a535734adcef9ca3f662e761fd5ab0067213a13e85340cc932624b4062e9264",
    "https://deno.land/x/grammy@v1.22.4/convenience/inline_query.ts": "409d1940c7670708064efa495003bcbfdf6763a756b2e6303c464489fd3394ff",
    "https://deno.land/x/grammy@v1.22.4/convenience/input_media.ts": "7af72a5fdb1af0417e31b1327003f536ddfdf64e06ab8bc7f5da6b574de38658",
    "https://deno.land/x/grammy@v1.22.4/convenience/keyboard.ts": "88aeab16f2aaf0b4098135b5f7a678f7d2ce288f28c7eba93eaa5553a7395152",
    "https://deno.land/x/grammy@v1.22.4/convenience/session.ts": "4072f5067ca5d6d13a80761ae0b731cdd9f3a1b37bf549d877ac214d20bda6cc",
    "https://deno.land/x/grammy@v1.22.4/convenience/webhook.ts": "f1da7d6426171fb7b5d5f6b59633f91d3bab9a474eea821f714932650965eb9e",
    "https://deno.land/x/grammy@v1.22.4/core/api.ts": "178364d7717caddaa7067514be7d2a3b6a39b47f3620d8fab3752c4dead70d42",
    "https://deno.land/x/grammy@v1.22.4/core/client.ts": "df622a135e71229ffe722406850c9c08b90dcdd4d049b46926128599c73f9dc5",
    "https://deno.land/x/grammy@v1.22.4/core/error.ts": "4638b2127ebe60249c78b83011d468f5e1e1a87748d32fe11a8200d9f824ad13",
    "https://deno.land/x/grammy@v1.22.4/core/payload.ts": "420e17c3c2830b5576ea187cfce77578fe09f1204b25c25ea2f220ca7c86e73b",
    "https://deno.land/x/grammy@v1.22.4/filter.ts": "0c3138b7b9932d76ec41f1e8e8258fd691a33b7b68e48cc676689fb98b601082",
    "https://deno.land/x/grammy@v1.22.4/mod.ts": "7723e08709ff7fd01df3e463503e14e4fd1a581669380eed70351e1121e8a833",
    "https://deno.land/x/grammy@v1.22.4/platform.deno.ts": "68272a7e1d9a2d74d8a45342526485dbc0531dee812f675d7f8a4e7fc8393028",
    "https://deno.land/x/grammy@v1.22.4/types.deno.ts": "30c5b090b08a4e3023b9de74e2db9abbe89e47a7d938991059a209f07769ccaf",
    "https://deno.land/x/grammy@v1.22.4/types.ts": "729415590dfa188dbe924dea614dff4e976babdbabb28a307b869fc25777cdf0",
    "https://deno.land/x/grammy_types@v3.6.2/api.ts": "ae04d6628e3d25ae805bc07a19475065044fc44cde0a40877405bc3544d03a5f",
    "https://deno.land/x/grammy_types@v3.6.2/inline.ts": "12b33002c4d7880b2e80aaee68ac344110360886efe48ab20d40e93b90849f04",
    "https://deno.land/x/grammy_types@v3.6.2/manage.ts": "71b279fdba92d98a53bfe9b725f7c5e11445094da9bd7f8ab78913a43e534064",
    "https://deno.land/x/grammy_types@v3.6.2/markup.ts": "3151020d7a57d000da4ada30f48236f26ce16f522db4ecd480c2f1803423005e",
    "https://deno.land/x/grammy_types@v3.6.2/message.ts": "bc4727af1923b63ffb2e8109d383ac3f60166d7f9807d6361b6005ddb3823907",
    "https://deno.land/x/grammy_types@v3.6.2/methods.ts": "c44f390e687620b4d376e3a2060a47b225cd2189633b80b090d9f2be7dad2738",
    "https://deno.land/x/grammy_types@v3.6.2/mod.ts": "7b5f421b4fbb1761f7f0d68328eaddd515f3222ce3f3cdfbedd8d5a4781e91a7",
    "https://deno.land/x/grammy_types@v3.6.2/passport.ts": "19820e7d6c279521f8bc8912d6a378239f73d4ab525453808994b5f44ef95215",
    "https://deno.land/x/grammy_types@v3.6.2/payment.ts": "d23e9038c5b479b606e620dd84e3e67b6642ada110a962f2d5b5286e99ec7de5",
    "https://deno.land/x/grammy_types@v3.6.2/settings.ts": "5e989f5bd6c587d55673bd8052293869aa2f372e9223dd7f6e28632bfe021b6e",
    "https://deno.land/x/grammy_types@v3.6.2/update.ts": "cfacb5558cd7d50fb90076abc16102a52e435ab88b2991c698e48928e515b50e"
  }
}
